
Microsoft Visual Studio Solution File, Format Version 12.00
# Visual Studio Version 17
VisualStudioVersion = 17.7.34221.43
MinimumVisualStudioVersion = 10.0.40219.1
Project("{FAE04EC0-301F-11D3-BF4B-00C04F79EFBC}") = "Smart Hint Client Base", "Smart Hint Client Base\Smart Hint Client Base.csproj", "{87DFBCB1-3B8E-453B-A9C4-CDC5491BDA4D}"
EndProject
Global
	GlobalSection(SolutionConfigurationPlatforms) = preSolution
		Debug|Any CPU = Debug|Any CPU
		Release|Any CPU = Release|Any CPU
	EndGlobalSection
	GlobalSection(ProjectConfigurationPlatforms) = postSolution
		{87DFBCB1-3B8E-453B-A9C4-CDC5491BDA4D}.Debug|Any CPU.ActiveCfg = Debug|Any CPU
		{87DFBCB1-3B8E-453B-A9C4-CDC5491BDA4D}.Debug|Any CPU.Build.0 = Debug|Any CPU
		{87DFBCB1-3B8E-453B-A9C4-CDC5491BDA4D}.Release|Any CPU.ActiveCfg = Release|Any CPU
		{87DFBCB1-3B8E-453B-A9C4-CDC5491BDA4D}.Release|Any CPU.Build.0 = Release|Any CPU
	EndGlobalSection
	GlobalSection(SolutionProperties) = preSolution
		HideSolutionNode = FALSE
	EndGlobalSection
	GlobalSection(ExtensibilityGlobals) = postSolution
		SolutionGuid = {D833FB39-CAB8-413F-A203-9CBF0E55D477}
	EndGlobalSection
EndGlobal
